
Microsoft Visual Studio Solution File, Format Version 12.00
# Visual Studio Version 17
VisualStudioVersion = 17.7.34031.279
MinimumVisualStudioVersion = 10.0.40219.1
Project("{FAE04EC0-301F-11D3-BF4B-00C04F79EFBC}") = "Lab_1_KPZ_Maksym_Shyriaiev", "Lab_1_KPZ_Maksym_Shyriaiev\Lab_1_KPZ_Maksym_Shyriaiev.csproj", "{B10FAECF-1AA4-4B37-8D8A-DE5F17634D12}"
EndProject
Global
	GlobalSection(SolutionConfigurationPlatforms) = preSolution
		Debug|Any CPU = Debug|Any CPU
		Release|Any CPU = Release|Any CPU
	EndGlobalSection
	GlobalSection(ProjectConfigurationPlatforms) = postSolution
		{B10FAECF-1AA4-4B37-8D8A-DE5F17634D12}.Debug|Any CPU.ActiveCfg = Debug|Any CPU
		{B10FAECF-1AA4-4B37-8D8A-DE5F17634D12}.Debug|Any CPU.Build.0 = Debug|Any CPU
		{B10FAECF-1AA4-4B37-8D8A-DE5F17634D12}.Release|Any CPU.ActiveCfg = Release|Any CPU
		{B10FAECF-1AA4-4B37-8D8A-DE5F17634D12}.Release|Any CPU.Build.0 = Release|Any CPU
	EndGlobalSection
	GlobalSection(SolutionProperties) = preSolution
		HideSolutionNode = FALSE
	EndGlobalSection
	GlobalSection(ExtensibilityGlobals) = postSolution
		SolutionGuid = {E905C668-094C-4982-B2F3-E518916B9878}
	EndGlobalSection
EndGlobal
